# This file is automatically @generated by Cargo.
# It is not intended for manual editing.
version = 4

[[package]]
name = "kineti-actions"
version = "0.3.4"
dependencies = [
 "kineti-connectors",
 "kineti-core",
 "kineti-reflex",
]

[[package]]
name = "kineti-cli"
version = "0.3.4"
dependencies = [
 "kineti-actions",
 "kineti-connectors",
 "kineti-core",
 "kineti-gateway",
 "kineti-memory",
 "kineti-reflex",
]

[[package]]
name = "kineti-connectors"
version = "0.3.4"
dependencies = [
 "kineti-core",
 "kineti-memory",
 "kineti-reflex",
]

[[package]]
name = "kineti-core"
version = "0.3.4"

[[package]]
name = "kineti-gateway"
version = "0.3.4"
dependencies = [
 "kineti-actions",
 "kineti-connectors",
 "kineti-core",
 "kineti-memory",
 "kineti-reflex",
]

[[package]]
name = "kineti-harness"
version = "0.3.4"
dependencies = [
 "kineti-core",
]

[[package]]
name = "kineti-memory"
version = "0.3.4"
dependencies = [
 "kineti-core",
 "kineti-reflex",
]

[[package]]
name = "kineti-reflex"
version = "0.3.4"
dependencies = [
 "kineti-core",
]
